
Microsoft Visual Studio Solution File, Format Version 12.00
# Visual Studio Version 17
VisualStudioVersion = 17.0.31903.59
MinimumVisualStudioVersion = 10.0.40219.1
Project("{FAE04EC0-301F-11D3-BF4B-00C04F79EFBC}") = "DeliveryMain", "DeliveryMain\DeliveryMain.csproj", "{D8C0DCFC-7498-4583-8908-A43047327C72}"
EndProject
Project("{FAE04EC0-301F-11D3-BF4B-00C04F79EFBC}") = "DeliveryTests", "DeliveryTests\DeliveryTests.csproj", "{B229F2C8-E4DD-4000-B478-9C0E80BE2F09}"
EndProject
Global
	GlobalSection(SolutionConfigurationPlatforms) = preSolution
		Debug|Any CPU = Debug|Any CPU
		Debug|x64 = Debug|x64
		Debug|x86 = Debug|x86
		Release|Any CPU = Release|Any CPU
		Release|x64 = Release|x64
		Release|x86 = Release|x86
	EndGlobalSection
	GlobalSection(ProjectConfigurationPlatforms) = postSolution
		{D8C0DCFC-7498-4583-8908-A43047327C72}.Debug|Any CPU.ActiveCfg = Debug|Any CPU
		{D8C0DCFC-7498-4583-8908-A43047327C72}.Debug|Any CPU.Build.0 = Debug|Any CPU
		{D8C0DCFC-7498-4583-8908-A43047327C72}.Debug|x64.ActiveCfg = Debug|Any CPU
		{D8C0DCFC-7498-4583-8908-A43047327C72}.Debug|x64.Build.0 = Debug|Any CPU
		{D8C0DCFC-7498-4583-8908-A43047327C72}.Debug|x86.ActiveCfg = Debug|Any CPU
		{D8C0DCFC-7498-4583-8908-A43047327C72}.Debug|x86.Build.0 = Debug|Any CPU
		{D8C0DCFC-7498-4583-8908-A43047327C72}.Release|Any CPU.ActiveCfg = Release|Any CPU
		{D8C0DCFC-7498-4583-8908-A43047327C72}.Release|Any CPU.Build.0 = Release|Any CPU
		{D8C0DCFC-7498-4583-8908-A43047327C72}.Release|x64.ActiveCfg = Release|Any CPU
		{D8C0DCFC-7498-4583-8908-A43047327C72}.Release|x64.Build.0 = Release|Any CPU
		{D8C0DCFC-7498-4583-8908-A43047327C72}.Release|x86.ActiveCfg = Release|Any CPU
		{D8C0DCFC-7498-4583-8908-A43047327C72}.Release|x86.Build.0 = Release|Any CPU
		{B229F2C8-E4DD-4000-B478-9C0E80BE2F09}.Debug|Any CPU.ActiveCfg = Debug|Any CPU
		{B229F2C8-E4DD-4000-B478-9C0E80BE2F09}.Debug|Any CPU.Build.0 = Debug|Any CPU
		{B229F2C8-E4DD-4000-B478-9C0E80BE2F09}.Debug|x64.ActiveCfg = Debug|Any CPU
		{B229F2C8-E4DD-4000-B478-9C0E80BE2F09}.Debug|x64.Build.0 = Debug|Any CPU
		{B229F2C8-E4DD-4000-B478-9C0E80BE2F09}.Debug|x86.ActiveCfg = Debug|Any CPU
		{B229F2C8-E4DD-4000-B478-9C0E80BE2F09}.Debug|x86.Build.0 = Debug|Any CPU
		{B229F2C8-E4DD-4000-B478-9C0E80BE2F09}.Release|Any CPU.ActiveCfg = Release|Any CPU
		{B229F2C8-E4DD-4000-B478-9C0E80BE2F09}.Release|Any CPU.Build.0 = Release|Any CPU
		{B229F2C8-E4DD-4000-B478-9C0E80BE2F09}.Release|x64.ActiveCfg = Release|Any CPU
		{B229F2C8-E4DD-4000-B478-9C0E80BE2F09}.Release|x64.Build.0 = Release|Any CPU
		{B229F2C8-E4DD-4000-B478-9C0E80BE2F09}.Release|x86.ActiveCfg = Release|Any CPU
		{B229F2C8-E4DD-4000-B478-9C0E80BE2F09}.Release|x86.Build.0 = Release|Any CPU
	EndGlobalSection
	GlobalSection(SolutionProperties) = preSolution
		HideSolutionNode = FALSE
	EndGlobalSection
EndGlobal
